{
  "name": "gb-untitled-frpg",
  "version": "1.0.0",
  "lockfileVersion": 1,
  "requires": true,
  "dependencies": {
    "gbdkjs": {
      "version": "2.1.4",
      "resolved": "https://registry.npmjs.org/gbdkjs/-/gbdkjs-2.1.4.tgz",
      "integrity": "sha512-ysiop/2yQ9SsZTy2rUjJvvFs8N1pPXwXNS/xh91d5G78pn2C1eVssNut1Bi3dmdmlwraY8sPeUNCfyqLGz/OWA=="
    }
  }
}
